
Microsoft Visual Studio Solution File, Format Version 12.00
# Visual Studio Version 17
VisualStudioVersion = 17.11.35208.52
MinimumVisualStudioVersion = 10.0.40219.1
Project("{8BC9CEB8-8B4A-11D0-8D11-00A0C91BC942}") = "Jogo de Laboratorio (dados em c)", "Jogo de Laboratorio (dados em c)\Jogo de Laboratorio (dados em c).vcxproj", "{EF42424D-8CFC-480F-B998-7D64F2B30C90}"
EndProject
Global
	GlobalSection(SolutionConfigurationPlatforms) = preSolution
		Debug|x64 = Debug|x64
		Debug|x86 = Debug|x86
		Release|x64 = Release|x64
		Release|x86 = Release|x86
	EndGlobalSection
	GlobalSection(ProjectConfigurationPlatforms) = postSolution
		{EF42424D-8CFC-480F-B998-7D64F2B30C90}.Debug|x64.ActiveCfg = Debug|x64
		{EF42424D-8CFC-480F-B998-7D64F2B30C90}.Debug|x64.Build.0 = Debug|x64
		{EF42424D-8CFC-480F-B998-7D64F2B30C90}.Debug|x86.ActiveCfg = Debug|Win32
		{EF42424D-8CFC-480F-B998-7D64F2B30C90}.Debug|x86.Build.0 = Debug|Win32
		{EF42424D-8CFC-480F-B998-7D64F2B30C90}.Release|x64.ActiveCfg = Release|x64
		{EF42424D-8CFC-480F-B998-7D64F2B30C90}.Release|x64.Build.0 = Release|x64
		{EF42424D-8CFC-480F-B998-7D64F2B30C90}.Release|x86.ActiveCfg = Release|Win32
		{EF42424D-8CFC-480F-B998-7D64F2B30C90}.Release|x86.Build.0 = Release|Win32
	EndGlobalSection
	GlobalSection(SolutionProperties) = preSolution
		HideSolutionNode = FALSE
	EndGlobalSection
	GlobalSection(ExtensibilityGlobals) = postSolution
		SolutionGuid = {F918C4D2-CE45-4894-B174-15B3CB74B22E}
	EndGlobalSection
EndGlobal
